
Microsoft Visual Studio Solution File, Format Version 12.00
# Visual Studio 15
VisualStudioVersion = 15.0.28307.902
MinimumVisualStudioVersion = 10.0.40219.1
Project("{FAE04EC0-301F-11D3-BF4B-00C04F79EFBC}") = "Module4_Task1", "Module4_Task1\Module4_Task1.csproj", "{C6B64310-918E-476F-A857-DDE230092C8A}"
EndProject
Global
	GlobalSection(SolutionConfigurationPlatforms) = preSolution
		Debug|Any CPU = Debug|Any CPU
		Release|Any CPU = Release|Any CPU
	EndGlobalSection
	GlobalSection(ProjectConfigurationPlatforms) = postSolution
		{C6B64310-918E-476F-A857-DDE230092C8A}.Debug|Any CPU.ActiveCfg = Debug|Any CPU
		{C6B64310-918E-476F-A857-DDE230092C8A}.Debug|Any CPU.Build.0 = Debug|Any CPU
		{C6B64310-918E-476F-A857-DDE230092C8A}.Release|Any CPU.ActiveCfg = Release|Any CPU
		{C6B64310-918E-476F-A857-DDE230092C8A}.Release|Any CPU.Build.0 = Release|Any CPU
	EndGlobalSection
	GlobalSection(SolutionProperties) = preSolution
		HideSolutionNode = FALSE
	EndGlobalSection
	GlobalSection(ExtensibilityGlobals) = postSolution
		SolutionGuid = {4135EF8D-7E2A-4936-95B3-1BDE4D7947FE}
	EndGlobalSection
EndGlobal
