
Microsoft Visual Studio Solution File, Format Version 12.00
# Visual Studio 15
VisualStudioVersion = 15.0.28307.902
MinimumVisualStudioVersion = 10.0.40219.1
Project("{FAE04EC0-301F-11D3-BF4B-00C04F79EFBC}") = "Module4_Task4", "Module4_Task4\Module4_Task4.csproj", "{FFAE272B-1FC5-4797-918C-8417ABF31D2B}"
EndProject
Global
	GlobalSection(SolutionConfigurationPlatforms) = preSolution
		Debug|Any CPU = Debug|Any CPU
		Release|Any CPU = Release|Any CPU
	EndGlobalSection
	GlobalSection(ProjectConfigurationPlatforms) = postSolution
		{FFAE272B-1FC5-4797-918C-8417ABF31D2B}.Debug|Any CPU.ActiveCfg = Debug|Any CPU
		{FFAE272B-1FC5-4797-918C-8417ABF31D2B}.Debug|Any CPU.Build.0 = Debug|Any CPU
		{FFAE272B-1FC5-4797-918C-8417ABF31D2B}.Release|Any CPU.ActiveCfg = Release|Any CPU
		{FFAE272B-1FC5-4797-918C-8417ABF31D2B}.Release|Any CPU.Build.0 = Release|Any CPU
	EndGlobalSection
	GlobalSection(SolutionProperties) = preSolution
		HideSolutionNode = FALSE
	EndGlobalSection
	GlobalSection(ExtensibilityGlobals) = postSolution
		SolutionGuid = {F545D8B4-D13F-4AAB-A946-736B533C5D31}
	EndGlobalSection
EndGlobal
