
Microsoft Visual Studio Solution File, Format Version 12.00
# Visual Studio 15
VisualStudioVersion = 15.0.28307.902
MinimumVisualStudioVersion = 10.0.40219.1
Project("{FAE04EC0-301F-11D3-BF4B-00C04F79EFBC}") = "Module3_Task4", "Module3_Task4\Module3_Task4.csproj", "{76B390C5-3BA9-4C71-989C-EB5F4E189712}"
EndProject
Global
	GlobalSection(SolutionConfigurationPlatforms) = preSolution
		Debug|Any CPU = Debug|Any CPU
		Release|Any CPU = Release|Any CPU
	EndGlobalSection
	GlobalSection(ProjectConfigurationPlatforms) = postSolution
		{76B390C5-3BA9-4C71-989C-EB5F4E189712}.Debug|Any CPU.ActiveCfg = Debug|Any CPU
		{76B390C5-3BA9-4C71-989C-EB5F4E189712}.Debug|Any CPU.Build.0 = Debug|Any CPU
		{76B390C5-3BA9-4C71-989C-EB5F4E189712}.Release|Any CPU.ActiveCfg = Release|Any CPU
		{76B390C5-3BA9-4C71-989C-EB5F4E189712}.Release|Any CPU.Build.0 = Release|Any CPU
	EndGlobalSection
	GlobalSection(SolutionProperties) = preSolution
		HideSolutionNode = FALSE
	EndGlobalSection
	GlobalSection(ExtensibilityGlobals) = postSolution
		SolutionGuid = {9B07D503-52FD-45D8-91B4-B7E2F1D7002D}
	EndGlobalSection
EndGlobal
